{
  "name": "turbo-desktop-example",
  "version": "0.1.0",
  "lockfileVersion": 3,
  "requires": true,
  "packages": {
    "": {
      "name": "turbo-desktop-example",
      "version": "0.1.0",
      "dependencies": {
        "turbo-desktop": "file:../.."
      }
    },
    "../..": {
      "name": "turbo-desktop",
      "version": "0.1.1",
      "license": "MIT",
      "dependencies": {
        "@tauri-apps/api": "^2.0.0"
      },
      "bin": {
        "turbo-desktop": "cli/turbo-desktop.js"
      },
      "devDependencies": {
        "@tauri-apps/cli": "^2.0.0",
        "jsdom": "^29.0.1"
      }
    },
    "node_modules/turbo-desktop": {
      "resolved": "../..",
      "link": true
    }
  }
}
